
Microsoft Visual Studio Solution File, Format Version 12.00
# Visual Studio Version 17
VisualStudioVersion = 17.0.31919.166
MinimumVisualStudioVersion = 10.0.40219.1
Project("{FAE04EC0-301F-11D3-BF4B-00C04F79EFBC}") = "CircuitBreakerIdea", "CircuitBreakerIdea\CircuitBreakerIdea.csproj", "{E4F2F7D3-5E75-44DF-98E0-053BA18C8ABF}"
EndProject
Global
	GlobalSection(SolutionConfigurationPlatforms) = preSolution
		Debug|Any CPU = Debug|Any CPU
		Release|Any CPU = Release|Any CPU
	EndGlobalSection
	GlobalSection(ProjectConfigurationPlatforms) = postSolution
		{E4F2F7D3-5E75-44DF-98E0-053BA18C8ABF}.Debug|Any CPU.ActiveCfg = Debug|Any CPU
		{E4F2F7D3-5E75-44DF-98E0-053BA18C8ABF}.Debug|Any CPU.Build.0 = Debug|Any CPU
		{E4F2F7D3-5E75-44DF-98E0-053BA18C8ABF}.Release|Any CPU.ActiveCfg = Release|Any CPU
		{E4F2F7D3-5E75-44DF-98E0-053BA18C8ABF}.Release|Any CPU.Build.0 = Release|Any CPU
	EndGlobalSection
	GlobalSection(SolutionProperties) = preSolution
		HideSolutionNode = FALSE
	EndGlobalSection
	GlobalSection(ExtensibilityGlobals) = postSolution
		SolutionGuid = {4537E3C5-9110-42A5-A259-8C16E519E2B5}
	EndGlobalSection
EndGlobal
